
Microsoft Visual Studio Solution File, Format Version 12.00
Project("{FAE04EC0-301F-11D3-BF4B-00C04F79EFBC}") = "Fedodo.NuGet.Common", "Fedodo.NuGet.Common\Fedodo.NuGet.Common.csproj", "{8E830CC0-FDB5-4F5F-A672-B0982B248E50}"
EndProject
Project("{2150E333-8FDC-42A3-9474-1A3956D46DE8}") = "GitHub", "GitHub", "{99BB7BA3-4F22-44D2-94C6-5FD5FA63932F}"
	ProjectSection(SolutionItems) = preProject
		.github\workflows\BuildAndDeploy.yaml = .github\workflows\BuildAndDeploy.yaml
		README.md = README.md
	EndProjectSection
EndProject
Project("{2150E333-8FDC-42A3-9474-1A3956D46DE8}") = "Assets", "Assets", "{D984673B-1CA9-4851-BD79-1FE3867C4340}"
	ProjectSection(SolutionItems) = preProject
		Assets\Fedodo Circle Dark.png = Assets\Fedodo Circle Dark.png
	EndProjectSection
EndProject
Project("{FAE04EC0-301F-11D3-BF4B-00C04F79EFBC}") = "Fedodo.NuGet.Common.Test", "Fedodo.NuGet.Common.Test\Fedodo.NuGet.Common.Test.csproj", "{24F9FE6E-FFE9-4D23-8A85-C06314854689}"
EndProject
Global
	GlobalSection(SolutionConfigurationPlatforms) = preSolution
		Debug|Any CPU = Debug|Any CPU
		Release|Any CPU = Release|Any CPU
	EndGlobalSection
	GlobalSection(ProjectConfigurationPlatforms) = postSolution
		{8E830CC0-FDB5-4F5F-A672-B0982B248E50}.Debug|Any CPU.ActiveCfg = Debug|Any CPU
		{8E830CC0-FDB5-4F5F-A672-B0982B248E50}.Debug|Any CPU.Build.0 = Debug|Any CPU
		{8E830CC0-FDB5-4F5F-A672-B0982B248E50}.Release|Any CPU.ActiveCfg = Release|Any CPU
		{8E830CC0-FDB5-4F5F-A672-B0982B248E50}.Release|Any CPU.Build.0 = Release|Any CPU
		{24F9FE6E-FFE9-4D23-8A85-C06314854689}.Debug|Any CPU.ActiveCfg = Debug|Any CPU
		{24F9FE6E-FFE9-4D23-8A85-C06314854689}.Debug|Any CPU.Build.0 = Debug|Any CPU
		{24F9FE6E-FFE9-4D23-8A85-C06314854689}.Release|Any CPU.ActiveCfg = Release|Any CPU
		{24F9FE6E-FFE9-4D23-8A85-C06314854689}.Release|Any CPU.Build.0 = Release|Any CPU
	EndGlobalSection
EndGlobal
